{
  "name": "lapis-site",
  "version": "1.0.0",
  "lockfileVersion": 1,
  "requires": true,
  "dependencies": {
    "amdefine": {
      "version": "1.0.0",
      "resolved": "https://registry.npmjs.org/amdefine/-/amdefine-1.0.0.tgz",
      "integrity": "sha1-/RdHRwDLXMnCtwnwvp0jzjwZjDM="
    },
    "asap": {
      "version": "2.0.3",
      "resolved": "https://registry.npmjs.org/asap/-/asap-2.0.3.tgz",
      "integrity": "sha1-H8HRVk7hFiDfym1nAphQkT+fRnk="
    },
    "base62": {
      "version": "0.1.1",
      "resolved": "https://registry.npmjs.org/base62/-/base62-0.1.1.tgz",
      "integrity": "sha1-e0F0wvlESXU7EcJlHAg9qEGnsIQ="
    },
    "core-js": {
      "version": "1.2.6",
      "resolved": "https://registry.npmjs.org/core-js/-/core-js-1.2.6.tgz",
      "integrity": "sha1-4jUfbK52T4w05dg5rLamDO+LSkU="
    },
    "envify": {
      "version": "3.4.0",
      "resolved": "https://registry.npmjs.org/envify/-/envify-3.4.0.tgz",
      "integrity": "sha1-oL7VIiJSkHagL6v2zgDu9C17ZzQ=",
      "requires": {
        "jstransform": "^10.0.1",
        "through": "~2.3.4"
      }
    },
    "esprima-fb": {
      "version": "13001.1001.0-dev-harmony-fb",
      "resolved": "https://registry.npmjs.org/esprima-fb/-/esprima-fb-13001.1001.0-dev-harmony-fb.tgz",
      "integrity": "sha1-YzrNtA2b1NuKHB1owGqUKVn60rA="
    },
    "fbjs": {
      "version": "0.3.2",
      "resolved": "https://registry.npmjs.org/fbjs/-/fbjs-0.3.2.tgz",
      "integrity": "sha1-AzpUBZUIS13jUJpAXQbxoqjlufs=",
      "requires": {
        "core-js": "^1.0.0",
        "loose-envify": "^1.0.0",
        "promise": "^7.0.3",
        "ua-parser-js": "^0.7.9",
        "whatwg-fetch": "^0.9.0"
      }
    },
    "jquery": {
      "version": "2.1.4",
      "resolved": "https://registry.npmjs.org/jquery/-/jquery-2.1.4.tgz",
      "integrity": "sha1-IoveaYoMYUMdwmMKahVPFYkNIxc="
    },
    "js-tokens": {
      "version": "1.0.2",
      "resolved": "https://registry.npmjs.org/js-tokens/-/js-tokens-1.0.2.tgz",
      "integrity": "sha1-hkf34T9krBXZNXpZo0bIBNU7Pv4="
    },
    "jstransform": {
      "version": "10.1.0",
      "resolved": "https://registry.npmjs.org/jstransform/-/jstransform-10.1.0.tgz",
      "integrity": "sha1-tMSb9j8WLBCLA0g5moc3xxOwqDo=",
      "requires": {
        "base62": "0.1.1",
        "esprima-fb": "13001.1001.0-dev-harmony-fb",
        "source-map": "0.1.31"
      }
    },
    "loose-envify": {
      "version": "1.1.0",
      "resolved": "https://registry.npmjs.org/loose-envify/-/loose-envify-1.1.0.tgz",
      "integrity": "sha1-UnWC1iz/TgTaP5l2xxENM5Lsfgw=",
      "requires": {
        "js-tokens": "^1.0.1"
      }
    },
    "lunr": {
      "version": "0.6.0",
      "resolved": "https://registry.npmjs.org/lunr/-/lunr-0.6.0.tgz",
      "integrity": "sha1-r+jRXrNPUxzyyuk0fLsxsrfU7rk="
    },
    "promise": {
      "version": "7.0.4",
      "resolved": "https://registry.npmjs.org/promise/-/promise-7.0.4.tgz",
      "integrity": "sha1-Nj6EpMNsg1a4kP7WLJHOhdAu1Tk=",
      "requires": {
        "asap": "~2.0.3"
      }
    },
    "react": {
      "version": "0.14.3",
      "resolved": "https://registry.npmjs.org/react/-/react-0.14.3.tgz",
      "integrity": "sha1-uC57BJ7j4eJk0krn6iDXblESZ3g=",
      "requires": {
        "envify": "^3.0.0",
        "fbjs": "^0.3.1"
      }
    },
    "react-dom": {
      "version": "0.14.3",
      "resolved": "https://registry.npmjs.org/react-dom/-/react-dom-0.14.3.tgz",
      "integrity": "sha1-s/Cu7tGkM7IMVFjjRDmlGRaBhig="
    },
    "source-map": {
      "version": "0.1.31",
      "resolved": "https://registry.npmjs.org/source-map/-/source-map-0.1.31.tgz",
      "integrity": "sha1-n3BNDWnZ4TioG63267T94z0VHGE=",
      "requires": {
        "amdefine": ">=0.0.4"
      }
    },
    "through": {
      "version": "2.3.8",
      "resolved": "https://registry.npmjs.org/through/-/through-2.3.8.tgz",
      "integrity": "sha1-DdTJ/6q8NXlgsbckEV1+Doai4fU="
    },
    "ua-parser-js": {
      "version": "0.7.9",
      "resolved": "https://registry.npmjs.org/ua-parser-js/-/ua-parser-js-0.7.9.tgz",
      "integrity": "sha1-TXDWjzU5I3Zdd1v9hLIwKLThHtU="
    },
    "whatwg-fetch": {
      "version": "0.9.0",
      "resolved": "https://registry.npmjs.org/whatwg-fetch/-/whatwg-fetch-0.9.0.tgz",
      "integrity": "sha1-DjaExsuZlbQ+/J3wPkw2XZX9nMA="
    }
  }
}
